#MicroXplorer Configuration settings - do not modify
#Sat Apr 04 04:53:05 PDT 2015
ADC1.Channel=ADC_CHANNEL_6
ADC1.Channel-1\#ChannelRegularConversion=ADC_CHANNEL_0
ADC1.Channel-2\#ChannelRegularConversion=ADC_CHANNEL_0
ADC1.Channel-3\#ChannelRegularConversion=ADC_CHANNEL_0
ADC1.Channel-4\#ChannelRegularConversion=ADC_CHANNEL_0
ADC1.Channel-5\#ChannelRegularConversion=ADC_CHANNEL_0
ADC1.Channel-6\#ChannelRegularConversion=ADC_CHANNEL_0
ADC1.Channel-7\#ChannelRegularConversion=ADC_CHANNEL_0
ADC1.Channel-8\#ChannelRegularConversion=ADC_CHANNEL_0
ADC1.ContinuousConvMode=DISABLE
ADC1.EnableRegularConversion=ENABLE
ADC1.IPParameters=Channel-5\#ChannelRegularConversion,SamplingTime-6\#ChannelRegularConversion,Rank-8\#ChannelRegularConversion,NbrOfConversionFlag,Channel-4\#ChannelRegularConversion,SamplingTime-7\#ChannelRegularConversion,Channel-6\#ChannelRegularConversion,SamplingTime-5\#ChannelRegularConversion,Channel-2\#ChannelRegularConversion,SamplingTime-8\#ChannelRegularConversion,Rank-3\#ChannelRegularConversion,Channel-3\#ChannelRegularConversion,Rank-2\#ChannelRegularConversion,SamplingTime-1\#ChannelRegularConversion,Channel,Rank-1\#ChannelRegularConversion,Channel-1\#ChannelRegularConversion,SamplingTime-2\#ChannelRegularConversion,Rank-4\#ChannelRegularConversion,NbrOfConversion,master,ContinuousConvMode,SamplingTime-4\#ChannelRegularConversion,SamplingTime-3\#ChannelRegularConversion,Rank-5\#ChannelRegularConversion,Channel-8\#ChannelRegularConversion,Rank-6\#ChannelRegularConversion,Rank-7\#ChannelRegularConversion,Channel-7\#ChannelRegularConversion,EnableRegularConversion
ADC1.NbrOfConversion=8
ADC1.NbrOfConversionFlag=1
ADC1.Rank-1\#ChannelRegularConversion=1
ADC1.Rank-2\#ChannelRegularConversion=2
ADC1.Rank-3\#ChannelRegularConversion=3
ADC1.Rank-4\#ChannelRegularConversion=4
ADC1.Rank-5\#ChannelRegularConversion=5
ADC1.Rank-6\#ChannelRegularConversion=6
ADC1.Rank-7\#ChannelRegularConversion=7
ADC1.Rank-8\#ChannelRegularConversion=8
ADC1.SamplingTime-1\#ChannelRegularConversion=ADC_SAMPLETIME_1CYCLE_5
ADC1.SamplingTime-2\#ChannelRegularConversion=ADC_SAMPLETIME_1CYCLE_5
ADC1.SamplingTime-3\#ChannelRegularConversion=ADC_SAMPLETIME_1CYCLE_5
ADC1.SamplingTime-4\#ChannelRegularConversion=ADC_SAMPLETIME_1CYCLE_5
ADC1.SamplingTime-5\#ChannelRegularConversion=ADC_SAMPLETIME_1CYCLE_5
ADC1.SamplingTime-6\#ChannelRegularConversion=ADC_SAMPLETIME_1CYCLE_5
ADC1.SamplingTime-7\#ChannelRegularConversion=ADC_SAMPLETIME_1CYCLE_5
ADC1.SamplingTime-8\#ChannelRegularConversion=ADC_SAMPLETIME_1CYCLE_5
ADC1.master=1
Dma.ADC1.0.Direction=DMA_PERIPH_TO_MEMORY
Dma.ADC1.0.Instance=DMA1_Channel1
Dma.ADC1.0.MemDataAlignment=DMA_MDATAALIGN_BYTE
Dma.ADC1.0.MemInc=DMA_MINC_DISABLE
Dma.ADC1.0.Mode=DMA_NORMAL
Dma.ADC1.0.PeriphDataAlignment=DMA_PDATAALIGN_BYTE
Dma.ADC1.0.PeriphInc=DMA_PINC_DISABLE
Dma.ADC1.0.Priority=DMA_PRIORITY_LOW
Dma.ADC1.0.RequestParameters=Instance,Direction,PeriphInc,MemInc,PeriphDataAlignment,MemDataAlignment,Mode,Priority
Dma.Request0=ADC1
Dma.RequestsNb=1
FREERTOS.IPParameters=Tasks01
FREERTOS.Tasks01=defaultTask,0,128,StartDefaultTask;pingBack,0,128,StartTask02;idleADCSample,-3,128,StartTask03
File.Version=5
KeepUserPlacement=false
Mcu.Family=STM32F1
Mcu.IP0=ADC1
Mcu.IP1=DMA
Mcu.IP2=FREERTOS
Mcu.IP3=NVIC
Mcu.IP4=RCC
Mcu.IP5=TIM1
Mcu.IP6=USART1
Mcu.IPNb=7
Mcu.Name=STM32F103C(8-B)Tx
Mcu.Package=LQFP48
Mcu.Pin0=PA0-WKUP
Mcu.Pin1=PA1
Mcu.Pin10=VP_FREERTOS_VS_ENABLE
Mcu.Pin11=VP_TIM1_VS_ClockSourceINT
Mcu.Pin2=PA2
Mcu.Pin3=PA3
Mcu.Pin4=PA4
Mcu.Pin5=PA5
Mcu.Pin6=PA6
Mcu.Pin7=PA7
Mcu.Pin8=PA9
Mcu.Pin9=PA10
Mcu.PinsNb=12
Mcu.UserName=STM32F103C8Tx
MxCube.Version=4.6.0
MxDb.Version=DB.4.0.60
NVIC.ADC1_2_IRQn=true\:5\:0\:false
NVIC.DMA1_Channel1_IRQn=true\:5\:0\:false
NVIC.PriorityGroup=NVIC_PRIORITYGROUP_4
NVIC.SysTick_IRQn=true\:0\:0\:false
NVIC.TIM1_UP_IRQn=true\:5\:0\:false
PA0-WKUP.Signal=ADCx_IN0
PA1.Signal=ADCx_IN1
PA10.Mode=Asynchronous
PA10.Signal=USART1_RX
PA2.Signal=ADCx_IN2
PA3.Signal=ADCx_IN3
PA4.Signal=ADCx_IN4
PA5.Signal=ADCx_IN5
PA6.Signal=ADCx_IN6
PA7.Signal=ADCx_IN7
PA9.Mode=Asynchronous
PA9.Signal=USART1_TX
PCC.Family=STM32F1
PCC.MCU=STM32F103C(8-B)Tx
PCC.MXVersion=4.6.0
PCC.PartNumber=STM32F103C8Tx
PCC.Seq0=0
PCC.SubFamily=STM32F103
PCC.Temperature=25
PCC.Vdd=3.3
ProjectManager.AskForMigrate=true
ProjectManager.BackupPrevious=false
ProjectManager.CompilerOptimize=2
ProjectManager.ComputerToolchain=false
ProjectManager.CoupleFile=false
ProjectManager.DeletePrevious=true
ProjectManager.DeviceId=STM32F103C8Tx
ProjectManager.FirmwarePackage=STM32Cube FW_F1 V1.0.0
ProjectManager.FreePins=false
ProjectManager.HalAssertFull=false
ProjectManager.KeepUserCode=true
ProjectManager.LastFirmware=true
ProjectManager.LibraryCopy=0
ProjectManager.ProjectBuild=false
ProjectManager.ProjectFileName=SEDS-DAS-m.ioc
ProjectManager.ProjectName=SEDS-DAS-m
ProjectManager.TargetToolchain=MDK-ARM 4.73
ProjectManager.ToolChainLocation=
RCC.ADCFreqValue=10666666.666666666
RCC.ADCPresc=RCC_ADCPCLK2_DIV6
RCC.AHBFreq_Value=64000000
RCC.APB1CLKDivider=RCC_HCLK_DIV2
RCC.APB1Freq_Value=32000000
RCC.APB1TimFreq_Value=64000000
RCC.APB2Freq_Value=64000000
RCC.APB2TimFreq_Value=64000000
RCC.FCLKCortexFreq_Value=64000000
RCC.FamilyName=M
RCC.HCLKFreq_Value=64000000
RCC.IPParameters=PLLMCOFreq_Value,FamilyName,APB1TimFreq_Value,APB2Freq_Value,APB1CLKDivider,HCLKFreq_Value,FCLKCortexFreq_Value,USBFreq_Value,ADCPresc,AHBFreq_Value,TimSysFreq_Value,ADCFreqValue,SYSCLKFreq_VALUE,SYSCLKSource,MCOFreq_Value,APB1Freq_Value,PLLCLKFreq_Value,APB2TimFreq_Value
RCC.MCOFreq_Value=64000000
RCC.PLLCLKFreq_Value=64000000
RCC.PLLMCOFreq_Value=32000000
RCC.SYSCLKFreq_VALUE=64000000
RCC.SYSCLKSource=RCC_SYSCLKSOURCE_PLLCLK
RCC.TimSysFreq_Value=8000000
RCC.USBFreq_Value=64000000
SH.ADCx_IN0.0=ADC1_IN0,IN0
SH.ADCx_IN0.ConfNb=1
SH.ADCx_IN1.0=ADC1_IN1,IN1
SH.ADCx_IN1.ConfNb=1
SH.ADCx_IN2.0=ADC1_IN2,IN2
SH.ADCx_IN2.ConfNb=1
SH.ADCx_IN3.0=ADC1_IN3,IN3
SH.ADCx_IN3.ConfNb=1
SH.ADCx_IN4.0=ADC1_IN4,IN4
SH.ADCx_IN4.ConfNb=1
SH.ADCx_IN5.0=ADC1_IN5,IN5
SH.ADCx_IN5.ConfNb=1
SH.ADCx_IN6.0=ADC1_IN6,IN6
SH.ADCx_IN6.ConfNb=1
SH.ADCx_IN7.0=ADC1_IN7,IN7
SH.ADCx_IN7.ConfNb=1
TIM1.IPParameters=Period
TIM1.Period=50000
USART1.IPParameters=WordLength-Asynchronous,Parity-Asynchronous
USART1.Parity-Asynchronous=UART_PARITY_EVEN
USART1.WordLength-Asynchronous=UART_WORDLENGTH_9B
VP_FREERTOS_VS_ENABLE.Mode=Enabled
VP_FREERTOS_VS_ENABLE.Signal=FREERTOS_VS_ENABLE
VP_TIM1_VS_ClockSourceINT.Mode=Internal
VP_TIM1_VS_ClockSourceINT.Signal=TIM1_VS_ClockSourceINT
